
Microsoft Visual Studio Solution File, Format Version 12.00
# Visual Studio Version 17
VisualStudioVersion = 17.8.34330.188
MinimumVisualStudioVersion = 10.0.40219.1
Project("{FAE04EC0-301F-11D3-BF4B-00C04F79EFBC}") = "FrontEndAPI", "FrontEndAPI.csproj", "{F4EC5D60-D9B9-4CA5-985A-273B40186BDB}"
EndProject
Global
	GlobalSection(SolutionConfigurationPlatforms) = preSolution
		Debug|Any CPU = Debug|Any CPU
		Release|Any CPU = Release|Any CPU
	EndGlobalSection
	GlobalSection(ProjectConfigurationPlatforms) = postSolution
		{F4EC5D60-D9B9-4CA5-985A-273B40186BDB}.Debug|Any CPU.ActiveCfg = Debug|Any CPU
		{F4EC5D60-D9B9-4CA5-985A-273B40186BDB}.Debug|Any CPU.Build.0 = Debug|Any CPU
		{F4EC5D60-D9B9-4CA5-985A-273B40186BDB}.Release|Any CPU.ActiveCfg = Release|Any CPU
		{F4EC5D60-D9B9-4CA5-985A-273B40186BDB}.Release|Any CPU.Build.0 = Release|Any CPU
	EndGlobalSection
	GlobalSection(SolutionProperties) = preSolution
		HideSolutionNode = FALSE
	EndGlobalSection
	GlobalSection(ExtensibilityGlobals) = postSolution
		SolutionGuid = {CC982920-31A4-4E9E-8FD5-768A7502F92E}
	EndGlobalSection
EndGlobal
